
Microsoft Visual Studio Solution File, Format Version 12.00
# Visual Studio Version 16
VisualStudioVersion = 16.0.31702.278
MinimumVisualStudioVersion = 15.0.26124.0
Project("{9A19103F-16F7-4668-BE54-9A1E7A4F7556}") = "Holla.API", "Holla.API\Holla.API.csproj", "{197B3A21-3FC8-4025-B6B3-6842DB10CFEC}"
EndProject
Project("{9A19103F-16F7-4668-BE54-9A1E7A4F7556}") = "Holla.DAL", "Holla.DAL\Holla.DAL.csproj", "{A769B30D-5F38-421C-A5B8-A41ACFEC0BDB}"
EndProject
Project("{9A19103F-16F7-4668-BE54-9A1E7A4F7556}") = "Holla.BLL", "Holla.BLL\Holla.BLL.csproj", "{7CCDC456-4CB6-4629-BDA9-3B66C9AF4EAB}"
EndProject
Global
	GlobalSection(SolutionConfigurationPlatforms) = preSolution
		Debug|Any CPU = Debug|Any CPU
		Debug|x64 = Debug|x64
		Debug|x86 = Debug|x86
		Release|Any CPU = Release|Any CPU
		Release|x64 = Release|x64
		Release|x86 = Release|x86
	EndGlobalSection
	GlobalSection(ProjectConfigurationPlatforms) = postSolution
		{197B3A21-3FC8-4025-B6B3-6842DB10CFEC}.Debug|Any CPU.ActiveCfg = Debug|Any CPU
		{197B3A21-3FC8-4025-B6B3-6842DB10CFEC}.Debug|Any CPU.Build.0 = Debug|Any CPU
		{197B3A21-3FC8-4025-B6B3-6842DB10CFEC}.Debug|x64.ActiveCfg = Debug|Any CPU
		{197B3A21-3FC8-4025-B6B3-6842DB10CFEC}.Debug|x64.Build.0 = Debug|Any CPU
		{197B3A21-3FC8-4025-B6B3-6842DB10CFEC}.Debug|x86.ActiveCfg = Debug|Any CPU
		{197B3A21-3FC8-4025-B6B3-6842DB10CFEC}.Debug|x86.Build.0 = Debug|Any CPU
		{197B3A21-3FC8-4025-B6B3-6842DB10CFEC}.Release|Any CPU.ActiveCfg = Release|Any CPU
		{197B3A21-3FC8-4025-B6B3-6842DB10CFEC}.Release|Any CPU.Build.0 = Release|Any CPU
		{197B3A21-3FC8-4025-B6B3-6842DB10CFEC}.Release|x64.ActiveCfg = Release|Any CPU
		{197B3A21-3FC8-4025-B6B3-6842DB10CFEC}.Release|x64.Build.0 = Release|Any CPU
		{197B3A21-3FC8-4025-B6B3-6842DB10CFEC}.Release|x86.ActiveCfg = Release|Any CPU
		{197B3A21-3FC8-4025-B6B3-6842DB10CFEC}.Release|x86.Build.0 = Release|Any CPU
		{A769B30D-5F38-421C-A5B8-A41ACFEC0BDB}.Debug|Any CPU.ActiveCfg = Debug|Any CPU
		{A769B30D-5F38-421C-A5B8-A41ACFEC0BDB}.Debug|Any CPU.Build.0 = Debug|Any CPU
		{A769B30D-5F38-421C-A5B8-A41ACFEC0BDB}.Debug|x64.ActiveCfg = Debug|Any CPU
		{A769B30D-5F38-421C-A5B8-A41ACFEC0BDB}.Debug|x64.Build.0 = Debug|Any CPU
		{A769B30D-5F38-421C-A5B8-A41ACFEC0BDB}.Debug|x86.ActiveCfg = Debug|Any CPU
		{A769B30D-5F38-421C-A5B8-A41ACFEC0BDB}.Debug|x86.Build.0 = Debug|Any CPU
		{A769B30D-5F38-421C-A5B8-A41ACFEC0BDB}.Release|Any CPU.ActiveCfg = Release|Any CPU
		{A769B30D-5F38-421C-A5B8-A41ACFEC0BDB}.Release|Any CPU.Build.0 = Release|Any CPU
		{A769B30D-5F38-421C-A5B8-A41ACFEC0BDB}.Release|x64.ActiveCfg = Release|Any CPU
		{A769B30D-5F38-421C-A5B8-A41ACFEC0BDB}.Release|x64.Build.0 = Release|Any CPU
		{A769B30D-5F38-421C-A5B8-A41ACFEC0BDB}.Release|x86.ActiveCfg = Release|Any CPU
		{A769B30D-5F38-421C-A5B8-A41ACFEC0BDB}.Release|x86.Build.0 = Release|Any CPU
		{7CCDC456-4CB6-4629-BDA9-3B66C9AF4EAB}.Debug|Any CPU.ActiveCfg = Debug|Any CPU
		{7CCDC456-4CB6-4629-BDA9-3B66C9AF4EAB}.Debug|Any CPU.Build.0 = Debug|Any CPU
		{7CCDC456-4CB6-4629-BDA9-3B66C9AF4EAB}.Debug|x64.ActiveCfg = Debug|Any CPU
		{7CCDC456-4CB6-4629-BDA9-3B66C9AF4EAB}.Debug|x64.Build.0 = Debug|Any CPU
		{7CCDC456-4CB6-4629-BDA9-3B66C9AF4EAB}.Debug|x86.ActiveCfg = Debug|Any CPU
		{7CCDC456-4CB6-4629-BDA9-3B66C9AF4EAB}.Debug|x86.Build.0 = Debug|Any CPU
		{7CCDC456-4CB6-4629-BDA9-3B66C9AF4EAB}.Release|Any CPU.ActiveCfg = Release|Any CPU
		{7CCDC456-4CB6-4629-BDA9-3B66C9AF4EAB}.Release|Any CPU.Build.0 = Release|Any CPU
		{7CCDC456-4CB6-4629-BDA9-3B66C9AF4EAB}.Release|x64.ActiveCfg = Release|Any CPU
		{7CCDC456-4CB6-4629-BDA9-3B66C9AF4EAB}.Release|x64.Build.0 = Release|Any CPU
		{7CCDC456-4CB6-4629-BDA9-3B66C9AF4EAB}.Release|x86.ActiveCfg = Release|Any CPU
		{7CCDC456-4CB6-4629-BDA9-3B66C9AF4EAB}.Release|x86.Build.0 = Release|Any CPU
	EndGlobalSection
	GlobalSection(SolutionProperties) = preSolution
		HideSolutionNode = FALSE
	EndGlobalSection
	GlobalSection(ExtensibilityGlobals) = postSolution
		SolutionGuid = {BEF94F7C-FA11-45AC-863E-3E97D381DD59}
	EndGlobalSection
EndGlobal
